
Microsoft Visual Studio Solution File, Format Version 12.00
Project("{2150E333-8FDC-42A3-9474-1A3956D46DE8}") = "src", "src", "{827E0CD3-B72D-47B6-A68D-7590B98EB39B}"
EndProject
Project("{FAE04EC0-301F-11D3-BF4B-00C04F79EFBC}") = "GoiMon.Api", "src\GoiMon.Api\GoiMon.Api.csproj", "{C81BA02F-F4D7-47F1-8936-2E7A2588ADA3}"
EndProject
Project("{FAE04EC0-301F-11D3-BF4B-00C04F79EFBC}") = "GoiMon.Staff", "src\GoiMon.Staff\GoiMon.Staff.csproj", "{7BE18E94-5E53-4326-8958-DF5F0E3CBC8B}"
EndProject
Project("{2150E333-8FDC-42A3-9474-1A3956D46DE8}") = "tests", "tests", "{0AB3BF05-4346-4AA6-1389-037BE0695223}"
EndProject
Project("{FAE04EC0-301F-11D3-BF4B-00C04F79EFBC}") = "GoiMon.Api.Tests", "tests\GoiMon.Api.Tests\GoiMon.Api.Tests.csproj", "{2847C695-D080-4367-8B4A-E191799B8D0D}"
EndProject
Global
	GlobalSection(SolutionConfigurationPlatforms) = preSolution
		Debug|Any CPU = Debug|Any CPU
		Debug|x64 = Debug|x64
		Debug|x86 = Debug|x86
		Release|Any CPU = Release|Any CPU
		Release|x64 = Release|x64
		Release|x86 = Release|x86
	EndGlobalSection
	GlobalSection(ProjectConfigurationPlatforms) = postSolution
		{C81BA02F-F4D7-47F1-8936-2E7A2588ADA3}.Debug|Any CPU.ActiveCfg = Debug|Any CPU
		{C81BA02F-F4D7-47F1-8936-2E7A2588ADA3}.Debug|Any CPU.Build.0 = Debug|Any CPU
		{C81BA02F-F4D7-47F1-8936-2E7A2588ADA3}.Debug|x64.ActiveCfg = Debug|Any CPU
		{C81BA02F-F4D7-47F1-8936-2E7A2588ADA3}.Debug|x64.Build.0 = Debug|Any CPU
		{C81BA02F-F4D7-47F1-8936-2E7A2588ADA3}.Debug|x86.ActiveCfg = Debug|Any CPU
		{C81BA02F-F4D7-47F1-8936-2E7A2588ADA3}.Debug|x86.Build.0 = Debug|Any CPU
		{C81BA02F-F4D7-47F1-8936-2E7A2588ADA3}.Release|Any CPU.ActiveCfg = Release|Any CPU
		{C81BA02F-F4D7-47F1-8936-2E7A2588ADA3}.Release|Any CPU.Build.0 = Release|Any CPU
		{C81BA02F-F4D7-47F1-8936-2E7A2588ADA3}.Release|x64.ActiveCfg = Release|Any CPU
		{C81BA02F-F4D7-47F1-8936-2E7A2588ADA3}.Release|x64.Build.0 = Release|Any CPU
		{C81BA02F-F4D7-47F1-8936-2E7A2588ADA3}.Release|x86.ActiveCfg = Release|Any CPU
		{C81BA02F-F4D7-47F1-8936-2E7A2588ADA3}.Release|x86.Build.0 = Release|Any CPU
		{7BE18E94-5E53-4326-8958-DF5F0E3CBC8B}.Debug|Any CPU.ActiveCfg = Debug|Any CPU
		{7BE18E94-5E53-4326-8958-DF5F0E3CBC8B}.Debug|Any CPU.Build.0 = Debug|Any CPU
		{7BE18E94-5E53-4326-8958-DF5F0E3CBC8B}.Debug|x64.ActiveCfg = Debug|Any CPU
		{7BE18E94-5E53-4326-8958-DF5F0E3CBC8B}.Debug|x64.Build.0 = Debug|Any CPU
		{7BE18E94-5E53-4326-8958-DF5F0E3CBC8B}.Debug|x86.ActiveCfg = Debug|Any CPU
		{7BE18E94-5E53-4326-8958-DF5F0E3CBC8B}.Debug|x86.Build.0 = Debug|Any CPU
		{7BE18E94-5E53-4326-8958-DF5F0E3CBC8B}.Release|Any CPU.ActiveCfg = Release|Any CPU
		{7BE18E94-5E53-4326-8958-DF5F0E3CBC8B}.Release|Any CPU.Build.0 = Release|Any CPU
		{7BE18E94-5E53-4326-8958-DF5F0E3CBC8B}.Release|x64.ActiveCfg = Release|Any CPU
		{7BE18E94-5E53-4326-8958-DF5F0E3CBC8B}.Release|x64.Build.0 = Release|Any CPU
		{7BE18E94-5E53-4326-8958-DF5F0E3CBC8B}.Release|x86.ActiveCfg = Release|Any CPU
		{7BE18E94-5E53-4326-8958-DF5F0E3CBC8B}.Release|x86.Build.0 = Release|Any CPU
		{2847C695-D080-4367-8B4A-E191799B8D0D}.Debug|Any CPU.ActiveCfg = Debug|Any CPU
		{2847C695-D080-4367-8B4A-E191799B8D0D}.Debug|Any CPU.Build.0 = Debug|Any CPU
		{2847C695-D080-4367-8B4A-E191799B8D0D}.Debug|x64.ActiveCfg = Debug|Any CPU
		{2847C695-D080-4367-8B4A-E191799B8D0D}.Debug|x64.Build.0 = Debug|Any CPU
		{2847C695-D080-4367-8B4A-E191799B8D0D}.Debug|x86.ActiveCfg = Debug|Any CPU
		{2847C695-D080-4367-8B4A-E191799B8D0D}.Debug|x86.Build.0 = Debug|Any CPU
		{2847C695-D080-4367-8B4A-E191799B8D0D}.Release|Any CPU.ActiveCfg = Release|Any CPU
		{2847C695-D080-4367-8B4A-E191799B8D0D}.Release|Any CPU.Build.0 = Release|Any CPU
		{2847C695-D080-4367-8B4A-E191799B8D0D}.Release|x64.ActiveCfg = Release|Any CPU
		{2847C695-D080-4367-8B4A-E191799B8D0D}.Release|x64.Build.0 = Release|Any CPU
		{2847C695-D080-4367-8B4A-E191799B8D0D}.Release|x86.ActiveCfg = Release|Any CPU
		{2847C695-D080-4367-8B4A-E191799B8D0D}.Release|x86.Build.0 = Release|Any CPU
	EndGlobalSection
	GlobalSection(SolutionProperties) = preSolution
		HideSolutionNode = FALSE
	EndGlobalSection
	GlobalSection(NestedProjects) = preSolution
		{C81BA02F-F4D7-47F1-8936-2E7A2588ADA3} = {827E0CD3-B72D-47B6-A68D-7590B98EB39B}
		{7BE18E94-5E53-4326-8958-DF5F0E3CBC8B} = {827E0CD3-B72D-47B6-A68D-7590B98EB39B}
		{2847C695-D080-4367-8B4A-E191799B8D0D} = {0AB3BF05-4346-4AA6-1389-037BE0695223}
	EndGlobalSection
EndGlobal
